
Microsoft Visual Studio Solution File, Format Version 12.00
# Visual Studio Version 17
VisualStudioVersion = 17.3.32929.385
MinimumVisualStudioVersion = 10.0.40219.1
Project("{FAE04EC0-301F-11D3-BF4B-00C04F79EFBC}") = "ex2tp1", "ex2tp1\ex2tp1.csproj", "{10672578-CE2A-405B-AF01-F3F5F6EC7B16}"
EndProject
Global
	GlobalSection(SolutionConfigurationPlatforms) = preSolution
		Debug|Any CPU = Debug|Any CPU
		Release|Any CPU = Release|Any CPU
	EndGlobalSection
	GlobalSection(ProjectConfigurationPlatforms) = postSolution
		{10672578-CE2A-405B-AF01-F3F5F6EC7B16}.Debug|Any CPU.ActiveCfg = Debug|Any CPU
		{10672578-CE2A-405B-AF01-F3F5F6EC7B16}.Debug|Any CPU.Build.0 = Debug|Any CPU
		{10672578-CE2A-405B-AF01-F3F5F6EC7B16}.Release|Any CPU.ActiveCfg = Release|Any CPU
		{10672578-CE2A-405B-AF01-F3F5F6EC7B16}.Release|Any CPU.Build.0 = Release|Any CPU
	EndGlobalSection
	GlobalSection(SolutionProperties) = preSolution
		HideSolutionNode = FALSE
	EndGlobalSection
	GlobalSection(ExtensibilityGlobals) = postSolution
		SolutionGuid = {2A8949D7-0A4B-4719-87F7-F2E0F06F4F03}
	EndGlobalSection
EndGlobal
